// !$*UTF8*$!
{
	archiveVersion = 1;
	classes = {
	};
	objectVersion = 55;
	objects = {

/* Begin PBXBuildFile section */
		38052B01826C12830A029C21 /* Pods_AdoptMeTests.framework in Frameworks */ = {isa = PBXBuildFile; fileRef = 1BBE00D57157B7FA8D040787 /* Pods_AdoptMeTests.framework */; };
		4170697E28165F2B00F13B83 /* SwipingPageViewController.swift in Sources */ = {isa = PBXBuildFile; fileRef = 4170697D28165F2B00F13B83 /* SwipingPageViewController.swift */; };
		5A998BB60EFCF9B0DABFD94B /* Pods_AdoptMe_AdoptMeUITests.framework in Frameworks */ = {isa = PBXBuildFile; fileRef = C2516087A86A20B2C51D52E6 /* Pods_AdoptMe_AdoptMeUITests.framework */; };
		A1730AB1280A57EB0039DE06 /* AppDelegate.swift in Sources */ = {isa = PBXBuildFile; fileRef = A1730AB0280A57EB0039DE06 /* AppDelegate.swift */; };
		A1730AB3280A57EB0039DE06 /* SceneDelegate.swift in Sources */ = {isa = PBXBuildFile; fileRef = A1730AB2280A57EB0039DE06 /* SceneDelegate.swift */; };
		A1730AB5280A57EB0039DE06 /* ViewController.swift in Sources */ = {isa = PBXBuildFile; fileRef = A1730AB4280A57EB0039DE06 /* ViewController.swift */; };
		A1730AB8280A57EB0039DE06 /* Main.storyboard in Resources */ = {isa = PBXBuildFile; fileRef = A1730AB6280A57EB0039DE06 /* Main.storyboard */; };
		A1730ABA280A57EC0039DE06 /* Assets.xcassets in Resources */ = {isa = PBXBuildFile; fileRef = A1730AB9280A57EC0039DE06 /* Assets.xcassets */; };
		A1730ABD280A57EC0039DE06 /* LaunchScreen.storyboard in Resources */ = {isa = PBXBuildFile; fileRef = A1730ABB280A57EC0039DE06 /* LaunchScreen.storyboard */; };
		A1730AC8280A57EC0039DE06 /* AdoptMeTests.swift in Sources */ = {isa = PBXBuildFile; fileRef = A1730AC7280A57EC0039DE06 /* AdoptMeTests.swift */; };
		A1730AD2280A57EC0039DE06 /* AdoptMeUITests.swift in Sources */ = {isa = PBXBuildFile; fileRef = A1730AD1280A57EC0039DE06 /* AdoptMeUITests.swift */; };
		A1730AD4280A57EC0039DE06 /* AdoptMeUITestsLaunchTests.swift in Sources */ = {isa = PBXBuildFile; fileRef = A1730AD3280A57EC0039DE06 /* AdoptMeUITestsLaunchTests.swift */; };
		A1F6411C2819249100692FED /* PetAPI.swift in Sources */ = {isa = PBXBuildFile; fileRef = A1F6411B2819249100692FED /* PetAPI.swift */; };
		A1F6411E28193AE800692FED /* Model.swift in Sources */ = {isa = PBXBuildFile; fileRef = A1F6411D28193AE800692FED /* Model.swift */; };
		D5514139281139CF00F97C52 /* LoginViewController.swift in Sources */ = {isa = PBXBuildFile; fileRef = D5514138281139CF00F97C52 /* LoginViewController.swift */; };
		D551413B281145E300F97C52 /* SignInViewController.swift in Sources */ = {isa = PBXBuildFile; fileRef = D551413A281145E300F97C52 /* SignInViewController.swift */; };
		D551413D281151A400F97C52 /* RegisterViewController.swift in Sources */ = {isa = PBXBuildFile; fileRef = D551413C281151A400F97C52 /* RegisterViewController.swift */; };
		D551413F281156E900F97C52 /* searchLocationViewController.swift in Sources */ = {isa = PBXBuildFile; fileRef = D551413E281156E900F97C52 /* searchLocationViewController.swift */; };
		FD0EEF1DE8BCF96870AAA76F /* Pods_AdoptMe.framework in Frameworks */ = {isa = PBXBuildFile; fileRef = 95ECC58D085B5C2CA370F430 /* Pods_AdoptMe.framework */; };
/* End PBXBuildFile section */

/* Begin PBXContainerItemProxy section */
		A1730AC4280A57EC0039DE06 /* PBXContainerItemProxy */ = {
			isa = PBXContainerItemProxy;
			containerPortal = A1730AA5280A57EB0039DE06 /* Project object */;
			proxyType = 1;
			remoteGlobalIDString = A1730AAC280A57EB0039DE06;
			remoteInfo = AdoptMe;
		};
		A1730ACE280A57EC0039DE06 /* PBXContainerItemProxy */ = {
			isa = PBXContainerItemProxy;
			containerPortal = A1730AA5280A57EB0039DE06 /* Project object */;
			proxyType = 1;
			remoteGlobalIDString = A1730AAC280A57EB0039DE06;
			remoteInfo = AdoptMe;
		};
/* End PBXContainerItemProxy section */

/* Begin PBXFileReference section */
		1BBE00D57157B7FA8D040787 /* Pods_AdoptMeTests.framework */ = {isa = PBXFileReference; explicitFileType = wrapper.framework; includeInIndex = 0; path = Pods_AdoptMeTests.framework; sourceTree = BUILT_PRODUCTS_DIR; };
		25F22A6F139AA998F516F2A7 /* Pods-AdoptMe-AdoptMeUITests.debug.xcconfig */ = {isa = PBXFileReference; includeInIndex = 1; lastKnownFileType = text.xcconfig; name = "Pods-AdoptMe-AdoptMeUITests.debug.xcconfig"; path = "Target Support Files/Pods-AdoptMe-AdoptMeUITests/Pods-AdoptMe-AdoptMeUITests.debug.xcconfig"; sourceTree = "<group>"; };
		3302591A107A32F1B5CEE096 /* Pods-AdoptMeTests.debug.xcconfig */ = {isa = PBXFileReference; includeInIndex = 1; lastKnownFileType = text.xcconfig; name = "Pods-AdoptMeTests.debug.xcconfig"; path = "Target Support Files/Pods-AdoptMeTests/Pods-AdoptMeTests.debug.xcconfig"; sourceTree = "<group>"; };
		4170697D28165F2B00F13B83 /* SwipingPageViewController.swift */ = {isa = PBXFileReference; lastKnownFileType = sourcecode.swift; path = SwipingPageViewController.swift; sourceTree = "<group>"; };
		49241B6FFC4661F14BD9F4A8 /* Pods-AdoptMe.release.xcconfig */ = {isa = PBXFileReference; includeInIndex = 1; lastKnownFileType = text.xcconfig; name = "Pods-AdoptMe.release.xcconfig"; path = "Target Support Files/Pods-AdoptMe/Pods-AdoptMe.release.xcconfig"; sourceTree = "<group>"; };
		5BCCD97A994FFBE9A70DD384 /* Pods-AdoptMe-AdoptMeUITests.release.xcconfig */ = {isa = PBXFileReference; includeInIndex = 1; lastKnownFileType = text.xcconfig; name = "Pods-AdoptMe-AdoptMeUITests.release.xcconfig"; path = "Target Support Files/Pods-AdoptMe-AdoptMeUITests/Pods-AdoptMe-AdoptMeUITests.release.xcconfig"; sourceTree = "<group>"; };
		95ECC58D085B5C2CA370F430 /* Pods_AdoptMe.framework */ = {isa = PBXFileReference; explicitFileType = wrapper.framework; includeInIndex = 0; path = Pods_AdoptMe.framework; sourceTree = BUILT_PRODUCTS_DIR; };
		A1730AAD280A57EB0039DE06 /* AdoptMe.app */ = {isa = PBXFileReference; explicitFileType = wrapper.application; includeInIndex = 0; path = AdoptMe.app; sourceTree = BUILT_PRODUCTS_DIR; };
		A1730AB0280A57EB0039DE06 /* AppDelegate.swift */ = {isa = PBXFileReference; lastKnownFileType = sourcecode.swift; path = AppDelegate.swift; sourceTree = "<group>"; };
		A1730AB2280A57EB0039DE06 /* SceneDelegate.swift */ = {isa = PBXFileReference; lastKnownFileType = sourcecode.swift; path = SceneDelegate.swift; sourceTree = "<group>"; };
		A1730AB4280A57EB0039DE06 /* ViewController.swift */ = {isa = PBXFileReference; lastKnownFileType = sourcecode.swift; path = ViewController.swift; sourceTree = "<group>"; };
		A1730AB7280A57EB0039DE06 /* Base */ = {isa = PBXFileReference; lastKnownFileType = file.storyboard; name = Base; path = Base.lproj/Main.storyboard; sourceTree = "<group>"; };
		A1730AB9280A57EC0039DE06 /* Assets.xcassets */ = {isa = PBXFileReference; lastKnownFileType = folder.assetcatalog; path = Assets.xcassets; sourceTree = "<group>"; };
		A1730ABC280A57EC0039DE06 /* Base */ = {isa = PBXFileReference; lastKnownFileType = file.storyboard; name = Base; path = Base.lproj/LaunchScreen.storyboard; sourceTree = "<group>"; };
		A1730ABE280A57EC0039DE06 /* Info.plist */ = {isa = PBXFileReference; lastKnownFileType = text.plist.xml; path = Info.plist; sourceTree = "<group>"; };
		A1730AC3280A57EC0039DE06 /* AdoptMeTests.xctest */ = {isa = PBXFileReference; explicitFileType = wrapper.cfbundle; includeInIndex = 0; path = AdoptMeTests.xctest; sourceTree = BUILT_PRODUCTS_DIR; };
		A1730AC7280A57EC0039DE06 /* AdoptMeTests.swift */ = {isa = PBXFileReference; lastKnownFileType = sourcecode.swift; path = AdoptMeTests.swift; sourceTree = "<group>"; };
		A1730ACD280A57EC0039DE06 /* AdoptMeUITests.xctest */ = {isa = PBXFileReference; explicitFileType = wrapper.cfbundle; includeInIndex = 0; path = AdoptMeUITests.xctest; sourceTree = BUILT_PRODUCTS_DIR; };
		A1730AD1280A57EC0039DE06 /* AdoptMeUITests.swift */ = {isa = PBXFileReference; lastKnownFileType = sourcecode.swift; path = AdoptMeUITests.swift; sourceTree = "<group>"; };
		A1730AD3280A57EC0039DE06 /* AdoptMeUITestsLaunchTests.swift */ = {isa = PBXFileReference; lastKnownFileType = sourcecode.swift; path = AdoptMeUITestsLaunchTests.swift; sourceTree = "<group>"; };
		A1F6411B2819249100692FED /* PetAPI.swift */ = {isa = PBXFileReference; lastKnownFileType = sourcecode.swift; path = PetAPI.swift; sourceTree = "<group>"; };
		A1F6411D28193AE800692FED /* Model.swift */ = {isa = PBXFileReference; lastKnownFileType = sourcecode.swift; path = Model.swift; sourceTree = "<group>"; };
		C2516087A86A20B2C51D52E6 /* Pods_AdoptMe_AdoptMeUITests.framework */ = {isa = PBXFileReference; explicitFileType = wrapper.framework; includeInIndex = 0; path = Pods_AdoptMe_AdoptMeUITests.framework; sourceTree = BUILT_PRODUCTS_DIR; };
		CE24C0F9A2D626429A24F4D4 /* Pods-AdoptMe.debug.xcconfig */ = {isa = PBXFileReference; includeInIndex = 1; lastKnownFileType = text.xcconfig; name = "Pods-AdoptMe.debug.xcconfig"; path = "Target Support Files/Pods-AdoptMe/Pods-AdoptMe.debug.xcconfig"; sourceTree = "<group>"; };
		D5514138281139CF00F97C52 /* LoginViewController.swift */ = {isa = PBXFileReference; lastKnownFileType = sourcecode.swift; path = LoginViewController.swift; sourceTree = "<group>"; };
		D551413A281145E300F97C52 /* SignInViewController.swift */ = {isa = PBXFileReference; lastKnownFileType = sourcecode.swift; path = SignInViewController.swift; sourceTree = "<group>"; };
		D551413C281151A400F97C52 /* RegisterViewController.swift */ = {isa = PBXFileReference; lastKnownFileType = sourcecode.swift; path = RegisterViewController.swift; sourceTree = "<group>"; };
		D551413E281156E900F97C52 /* searchLocationViewController.swift */ = {isa = PBXFileReference; lastKnownFileType = sourcecode.swift; path = searchLocationViewController.swift; sourceTree = "<group>"; };
		E3EC4C160B1117A04EA7336F /* Pods-AdoptMeTests.release.xcconfig */ = {isa = PBXFileReference; includeInIndex = 1; lastKnownFileType = text.xcconfig; name = "Pods-AdoptMeTests.release.xcconfig"; path = "Target Support Files/Pods-AdoptMeTests/Pods-AdoptMeTests.release.xcconfig"; sourceTree = "<group>"; };
/* End PBXFileReference section */

/* Begin PBXFrameworksBuildPhase section */
		A1730AAA280A57EB0039DE06 /* Frameworks */ = {
			isa = PBXFrameworksBuildPhase;
			buildActionMask = 2147483647;
			files = (
				FD0EEF1DE8BCF96870AAA76F /* Pods_AdoptMe.framework in Frameworks */,
			);
			runOnlyForDeploymentPostprocessing = 0;
		};
		A1730AC0280A57EC0039DE06 /* Frameworks */ = {
			isa = PBXFrameworksBuildPhase;
			buildActionMask = 2147483647;
			files = (
				38052B01826C12830A029C21 /* Pods_AdoptMeTests.framework in Frameworks */,
			);
			runOnlyForDeploymentPostprocessing = 0;
		};
		A1730ACA280A57EC0039DE06 /* Frameworks */ = {
			isa = PBXFrameworksBuildPhase;
			buildActionMask = 2147483647;
			files = (
				5A998BB60EFCF9B0DABFD94B /* Pods_AdoptMe_AdoptMeUITests.framework in Frameworks */,
			);
			runOnlyForDeploymentPostprocessing = 0;
		};
/* End PBXFrameworksBuildPhase section */

/* Begin PBXGroup section */
		030A9471FDAB8196D5810312 /* Pods */ = {
			isa = PBXGroup;
			children = (
				CE24C0F9A2D626429A24F4D4 /* Pods-AdoptMe.debug.xcconfig */,
				49241B6FFC4661F14BD9F4A8 /* Pods-AdoptMe.release.xcconfig */,
				25F22A6F139AA998F516F2A7 /* Pods-AdoptMe-AdoptMeUITests.debug.xcconfig */,
				5BCCD97A994FFBE9A70DD384 /* Pods-AdoptMe-AdoptMeUITests.release.xcconfig */,
				3302591A107A32F1B5CEE096 /* Pods-AdoptMeTests.debug.xcconfig */,
				E3EC4C160B1117A04EA7336F /* Pods-AdoptMeTests.release.xcconfig */,
			);
			path = Pods;
			sourceTree = "<group>";
		};
		4D8F399B676AB60B54BDED5A /* Frameworks */ = {
			isa = PBXGroup;
			children = (
				95ECC58D085B5C2CA370F430 /* Pods_AdoptMe.framework */,
				C2516087A86A20B2C51D52E6 /* Pods_AdoptMe_AdoptMeUITests.framework */,
				1BBE00D57157B7FA8D040787 /* Pods_AdoptMeTests.framework */,
			);
			name = Frameworks;
			sourceTree = "<group>";
		};
		A1730AA4280A57EB0039DE06 = {
			isa = PBXGroup;
			children = (
				A1730AAF280A57EB0039DE06 /* AdoptMe */,
				A1730AC6280A57EC0039DE06 /* AdoptMeTests */,
				A1730AD0280A57EC0039DE06 /* AdoptMeUITests */,
				A1730AAE280A57EB0039DE06 /* Products */,
				030A9471FDAB8196D5810312 /* Pods */,
				4D8F399B676AB60B54BDED5A /* Frameworks */,
			);
			sourceTree = "<group>";
		};
		A1730AAE280A57EB0039DE06 /* Products */ = {
			isa = PBXGroup;
			children = (
				A1730AAD280A57EB0039DE06 /* AdoptMe.app */,
				A1730AC3280A57EC0039DE06 /* AdoptMeTests.xctest */,
				A1730ACD280A57EC0039DE06 /* AdoptMeUITests.xctest */,
			);
			name = Products;
			sourceTree = "<group>";
		};
		A1730AAF280A57EB0039DE06 /* AdoptMe */ = {
			isa = PBXGroup;
			children = (
				A1F6411A2819247D00692FED /* PetFinderAPI */,
				A1730AB0280A57EB0039DE06 /* AppDelegate.swift */,
				A1730AB2280A57EB0039DE06 /* SceneDelegate.swift */,
				A1730AB4280A57EB0039DE06 /* ViewController.swift */,
				A1730AB6280A57EB0039DE06 /* Main.storyboard */,
				A1730AB9280A57EC0039DE06 /* Assets.xcassets */,
				A1730ABB280A57EC0039DE06 /* LaunchScreen.storyboard */,
				A1730ABE280A57EC0039DE06 /* Info.plist */,
				4170697D28165F2B00F13B83 /* SwipingPageViewController.swift */,
				D5514138281139CF00F97C52 /* LoginViewController.swift */,
				D551413A281145E300F97C52 /* SignInViewController.swift */,
				D551413C281151A400F97C52 /* RegisterViewController.swift */,
				D551413E281156E900F97C52 /* searchLocationViewController.swift */,
			);
			path = AdoptMe;
			sourceTree = "<group>";
		};
		A1730AC6280A57EC0039DE06 /* AdoptMeTests */ = {
			isa = PBXGroup;
			children = (
				A1730AC7280A57EC0039DE06 /* AdoptMeTests.swift */,
			);
			path = AdoptMeTests;
			sourceTree = "<group>";
		};
		A1730AD0280A57EC0039DE06 /* AdoptMeUITests */ = {
			isa = PBXGroup;
			children = (
				A1730AD1280A57EC0039DE06 /* AdoptMeUITests.swift */,
				A1730AD3280A57EC0039DE06 /* AdoptMeUITestsLaunchTests.swift */,
			);
			path = AdoptMeUITests;
			sourceTree = "<group>";
		};
		A1F6411A2819247D00692FED /* PetFinderAPI */ = {
			isa = PBXGroup;
			children = (
				A1F6411B2819249100692FED /* PetAPI.swift */,
				A1F6411D28193AE800692FED /* Model.swift */,
			);
			path = PetFinderAPI;
			sourceTree = "<group>";
		};
/* End PBXGroup section */

/* Begin PBXNativeTarget section */
		A1730AAC280A57EB0039DE06 /* AdoptMe */ = {
			isa = PBXNativeTarget;
			buildConfigurationList = A1730AD7280A57EC0039DE06 /* Build configuration list for PBXNativeTarget "AdoptMe" */;
			buildPhases = (
				349E94E4B11EBA6FB0BDE377 /* [CP] Check Pods Manifest.lock */,
				A1730AA9280A57EB0039DE06 /* Sources */,
				A1730AAA280A57EB0039DE06 /* Frameworks */,
				A1730AAB280A57EB0039DE06 /* Resources */,
				00DA05986C8D3E6B28DA2F46 /* [CP] Embed Pods Frameworks */,
			);
			buildRules = (
			);
			dependencies = (
			);
			name = AdoptMe;
			productName = AdoptMe;
			productReference = A1730AAD280A57EB0039DE06 /* AdoptMe.app */;
			productType = "com.apple.product-type.application";
		};
		A1730AC2280A57EC0039DE06 /* AdoptMeTests */ = {
			isa = PBXNativeTarget;
			buildConfigurationList = A1730ADA280A57EC0039DE06 /* Build configuration list for PBXNativeTarget "AdoptMeTests" */;
			buildPhases = (
				6CB2D8C68FB7708382C7148F /* [CP] Check Pods Manifest.lock */,
				A1730ABF280A57EC0039DE06 /* Sources */,
				A1730AC0280A57EC0039DE06 /* Frameworks */,
				A1730AC1280A57EC0039DE06 /* Resources */,
			);
			buildRules = (
			);
			dependencies = (
				A1730AC5280A57EC0039DE06 /* PBXTargetDependency */,
			);
			name = AdoptMeTests;
			productName = AdoptMeTests;
			productReference = A1730AC3280A57EC0039DE06 /* AdoptMeTests.xctest */;
			productType = "com.apple.product-type.bundle.unit-test";
		};
		A1730ACC280A57EC0039DE06 /* AdoptMeUITests */ = {
			isa = PBXNativeTarget;
			buildConfigurationList = A1730ADD280A57EC0039DE06 /* Build configuration list for PBXNativeTarget "AdoptMeUITests" */;
			buildPhases = (
				13A57E718540F5EEE5F4C07C /* [CP] Check Pods Manifest.lock */,
				A1730AC9280A57EC0039DE06 /* Sources */,
				A1730ACA280A57EC0039DE06 /* Frameworks */,
				A1730ACB280A57EC0039DE06 /* Resources */,
				102048B5693D69F93120194A /* [CP] Embed Pods Frameworks */,
			);
			buildRules = (
			);
			dependencies = (
				A1730ACF280A57EC0039DE06 /* PBXTargetDependency */,
			);
			name = AdoptMeUITests;
			productName = AdoptMeUITests;
			productReference = A1730ACD280A57EC0039DE06 /* AdoptMeUITests.xctest */;
			productType = "com.apple.product-type.bundle.ui-testing";
		};
/* End PBXNativeTarget section */

/* Begin PBXProject section */
		A1730AA5280A57EB0039DE06 /* Project object */ = {
			isa = PBXProject;
			attributes = {
				BuildIndependentTargetsInParallel = 1;
				LastSwiftUpdateCheck = 1330;
				LastUpgradeCheck = 1330;
				TargetAttributes = {
					A1730AAC280A57EB0039DE06 = {
						CreatedOnToolsVersion = 13.3;
					};
					A1730AC2280A57EC0039DE06 = {
						CreatedOnToolsVersion = 13.3;
						TestTargetID = A1730AAC280A57EB0039DE06;
					};
					A1730ACC280A57EC0039DE06 = {
						CreatedOnToolsVersion = 13.3;
						TestTargetID = A1730AAC280A57EB0039DE06;
					};
				};
			};
			buildConfigurationList = A1730AA8280A57EB0039DE06 /* Build configuration list for PBXProject "AdoptMe" */;
			compatibilityVersion = "Xcode 13.0";
			developmentRegion = en;
			hasScannedForEncodings = 0;
			knownRegions = (
				en,
				Base,
			);
			mainGroup = A1730AA4280A57EB0039DE06;
			productRefGroup = A1730AAE280A57EB0039DE06 /* Products */;
			projectDirPath = "";
			projectRoot = "";
			targets = (
				A1730AAC280A57EB0039DE06 /* AdoptMe */,
				A1730AC2280A57EC0039DE06 /* AdoptMeTests */,
				A1730ACC280A57EC0039DE06 /* AdoptMeUITests */,
			);
		};
/* End PBXProject section */

/* Begin PBXResourcesBuildPhase section */
		A1730AAB280A57EB0039DE06 /* Resources */ = {
			isa = PBXResourcesBuildPhase;
			buildActionMask = 2147483647;
			files = (
				A1730ABD280A57EC0039DE06 /* LaunchScreen.storyboard in Resources */,
				A1730ABA280A57EC0039DE06 /* Assets.xcassets in Resources */,
				A1730AB8280A57EB0039DE06 /* Main.storyboard in Resources */,
			);
			runOnlyForDeploymentPostprocessing = 0;
		};
		A1730AC1280A57EC0039DE06 /* Resources */ = {
			isa = PBXResourcesBuildPhase;
			buildActionMask = 2147483647;
			files = (
			);
			runOnlyForDeploymentPostprocessing = 0;
		};
		A1730ACB280A57EC0039DE06 /* Resources */ = {
			isa = PBXResourcesBuildPhase;
			buildActionMask = 2147483647;
			files = (
			);
			runOnlyForDeploymentPostprocessing = 0;
		};
/* End PBXResourcesBuildPhase section */

/* Begin PBXShellScriptBuildPhase section */
		00DA05986C8D3E6B28DA2F46 /* [CP] Embed Pods Frameworks */ = {
			isa = PBXShellScriptBuildPhase;
			buildActionMask = 2147483647;
			files = (
			);
			inputFileListPaths = (
				"${PODS_ROOT}/Target Support Files/Pods-AdoptMe/Pods-AdoptMe-frameworks-${CONFIGURATION}-input-files.xcfilelist",
			);
			name = "[CP] Embed Pods Frameworks";
			outputFileListPaths = (
				"${PODS_ROOT}/Target Support Files/Pods-AdoptMe/Pods-AdoptMe-frameworks-${CONFIGURATION}-output-files.xcfilelist",
			);
			runOnlyForDeploymentPostprocessing = 0;
			shellPath = /bin/sh;
			shellScript = "\"${PODS_ROOT}/Target Support Files/Pods-AdoptMe/Pods-AdoptMe-frameworks.sh\"\n";
			showEnvVarsInLog = 0;
		};
		102048B5693D69F93120194A /* [CP] Embed Pods Frameworks */ = {
			isa = PBXShellScriptBuildPhase;
			buildActionMask = 2147483647;
			files = (
			);
			inputFileListPaths = (
				"${PODS_ROOT}/Target Support Files/Pods-AdoptMe-AdoptMeUITests/Pods-AdoptMe-AdoptMeUITests-frameworks-${CONFIGURATION}-input-files.xcfilelist",
			);
			name = "[CP] Embed Pods Frameworks";
			outputFileListPaths = (
				"${PODS_ROOT}/Target Support Files/Pods-AdoptMe-AdoptMeUITests/Pods-AdoptMe-AdoptMeUITests-frameworks-${CONFIGURATION}-output-files.xcfilelist",
			);
			runOnlyForDeploymentPostprocessing = 0;
			shellPath = /bin/sh;
			shellScript = "\"${PODS_ROOT}/Target Support Files/Pods-AdoptMe-AdoptMeUITests/Pods-AdoptMe-AdoptMeUITests-frameworks.sh\"\n";
			showEnvVarsInLog = 0;
		};
		13A57E718540F5EEE5F4C07C /* [CP] Check Pods Manifest.lock */ = {
			isa = PBXShellScriptBuildPhase;
			buildActionMask = 2147483647;
			files = (
			);
			inputFileListPaths = (
			);
			inputPaths = (
				"${PODS_PODFILE_DIR_PATH}/Podfile.lock",
				"${PODS_ROOT}/Manifest.lock",
			);
			name = "[CP] Check Pods Manifest.lock";
			outputFileListPaths = (
			);
			outputPaths = (
				"$(DERIVED_FILE_DIR)/Pods-AdoptMe-AdoptMeUITests-checkManifestLockResult.txt",
			);
			runOnlyForDeploymentPostprocessing = 0;
			shellPath = /bin/sh;
			shellScript = "diff \"${PODS_PODFILE_DIR_PATH}/Podfile.lock\" \"${PODS_ROOT}/Manifest.lock\" > /dev/null\nif [ $? != 0 ] ; then\n    # print error to STDERR\n    echo \"error: The sandbox is not in sync with the Podfile.lock. Run 'pod install' or update your CocoaPods installation.\" >&2\n    exit 1\nfi\n# This output is used by Xcode 'outputs' to avoid re-running this script phase.\necho \"SUCCESS\" > \"${SCRIPT_OUTPUT_FILE_0}\"\n";
			showEnvVarsInLog = 0;
		};
		349E94E4B11EBA6FB0BDE377 /* [CP] Check Pods Manifest.lock */ = {
			isa = PBXShellScriptBuildPhase;
			buildActionMask = 2147483647;
			files = (
			);
			inputFileListPaths = (
			);
			inputPaths = (
				"${PODS_PODFILE_DIR_PATH}/Podfile.lock",
				"${PODS_ROOT}/Manifest.lock",
			);
			name = "[CP] Check Pods Manifest.lock";
			outputFileListPaths = (
			);
			outputPaths = (
				"$(DERIVED_FILE_DIR)/Pods-AdoptMe-checkManifestLockResult.txt",
			);
			runOnlyForDeploymentPostprocessing = 0;
			shellPath = /bin/sh;
			shellScript = "diff \"${PODS_PODFILE_DIR_PATH}/Podfile.lock\" \"${PODS_ROOT}/Manifest.lock\" > /dev/null\nif [ $? != 0 ] ; then\n    # print error to STDERR\n    echo \"error: The sandbox is not in sync with the Podfile.lock. Run 'pod install' or update your CocoaPods installation.\" >&2\n    exit 1\nfi\n# This output is used by Xcode 'outputs' to avoid re-running this script phase.\necho \"SUCCESS\" > \"${SCRIPT_OUTPUT_FILE_0}\"\n";
			showEnvVarsInLog = 0;
		};
		6CB2D8C68FB7708382C7148F /* [CP] Check Pods Manifest.lock */ = {
			isa = PBXShellScriptBuildPhase;
			buildActionMask = 2147483647;
			files = (
			);
			inputFileListPaths = (
			);
			inputPaths = (
				"${PODS_PODFILE_DIR_PATH}/Podfile.lock",
				"${PODS_ROOT}/Manifest.lock",
			);
			name = "[CP] Check Pods Manifest.lock";
			outputFileListPaths = (
			);
			outputPaths = (
				"$(DERIVED_FILE_DIR)/Pods-AdoptMeTests-checkManifestLockResult.txt",
			);
			runOnlyForDeploymentPostprocessing = 0;
			shellPath = /bin/sh;
			shellScript = "diff \"${PODS_PODFILE_DIR_PATH}/Podfile.lock\" \"${PODS_ROOT}/Manifest.lock\" > /dev/null\nif [ $? != 0 ] ; then\n    # print error to STDERR\n    echo \"error: The sandbox is not in sync with the Podfile.lock. Run 'pod install' or update your CocoaPods installation.\" >&2\n    exit 1\nfi\n# This output is used by Xcode 'outputs' to avoid re-running this script phase.\necho \"SUCCESS\" > \"${SCRIPT_OUTPUT_FILE_0}\"\n";
			showEnvVarsInLog = 0;
		};
/* End PBXShellScriptBuildPhase section */

/* Begin PBXSourcesBuildPhase section */
		A1730AA9280A57EB0039DE06 /* Sources */ = {
			isa = PBXSourcesBuildPhase;
			buildActionMask = 2147483647;
			files = (
				A1F6411E28193AE800692FED /* Model.swift in Sources */,
				D5514139281139CF00F97C52 /* LoginViewController.swift in Sources */,
				A1730AB5280A57EB0039DE06 /* ViewController.swift in Sources */,
				A1730AB1280A57EB0039DE06 /* AppDelegate.swift in Sources */,
				D551413D281151A400F97C52 /* RegisterViewController.swift in Sources */,
				D551413F281156E900F97C52 /* searchLocationViewController.swift in Sources */,
				D551413B281145E300F97C52 /* SignInViewController.swift in Sources */,
				A1730AB3280A57EB0039DE06 /* SceneDelegate.swift in Sources */,
				A1F6411C2819249100692FED /* PetAPI.swift in Sources */,
				4170697E28165F2B00F13B83 /* SwipingPageViewController.swift in Sources */,
			);
			runOnlyForDeploymentPostprocessing = 0;
		};
		A1730ABF280A57EC0039DE06 /* Sources */ = {
			isa = PBXSourcesBuildPhase;
			buildActionMask = 2147483647;
			files = (
				A1730AC8280A57EC0039DE06 /* AdoptMeTests.swift in Sources */,
			);
			runOnlyForDeploymentPostprocessing = 0;
		};
		A1730AC9280A57EC0039DE06 /* Sources */ = {
			isa = PBXSourcesBuildPhase;
			buildActionMask = 2147483647;
			files = (
				A1730AD2280A57EC0039DE06 /* AdoptMeUITests.swift in Sources */,
				A1730AD4280A57EC0039DE06 /* AdoptMeUITestsLaunchTests.swift in Sources */,
			);
			runOnlyForDeploymentPostprocessing = 0;
		};
/* End PBXSourcesBuildPhase section */

/* Begin PBXTargetDependency section */
		A1730AC5280A57EC0039DE06 /* PBXTargetDependency */ = {
			isa = PBXTargetDependency;
			target = A1730AAC280A57EB0039DE06 /* AdoptMe */;
			targetProxy = A1730AC4280A57EC0039DE06 /* PBXContainerItemProxy */;
		};
		A1730ACF280A57EC0039DE06 /* PBXTargetDependency */ = {
			isa = PBXTargetDependency;
			target = A1730AAC280A57EB0039DE06 /* AdoptMe */;
			targetProxy = A1730ACE280A57EC0039DE06 /* PBXContainerItemProxy */;
		};
/* End PBXTargetDependency section */

/* Begin PBXVariantGroup section */
		A1730AB6280A57EB0039DE06 /* Main.storyboard */ = {
			isa = PBXVariantGroup;
			children = (
				A1730AB7280A57EB0039DE06 /* Base */,
			);
			name = Main.storyboard;
			sourceTree = "<group>";
		};
		A1730ABB280A57EC0039DE06 /* LaunchScreen.storyboard */ = {
			isa = PBXVariantGroup;
			children = (
				A1730ABC280A57EC0039DE06 /* Base */,
			);
			name = LaunchScreen.storyboard;
			sourceTree = "<group>";
		};
/* End PBXVariantGroup section */

/* Begin XCBuildConfiguration section */
		A1730AD5280A57EC0039DE06 /* Debug */ = {
			isa = XCBuildConfiguration;
			buildSettings = {
				ALWAYS_SEARCH_USER_PATHS = NO;
				CLANG_ANALYZER_NONNULL = YES;
				CLANG_ANALYZER_NUMBER_OBJECT_CONVERSION = YES_AGGRESSIVE;
				CLANG_CXX_LANGUAGE_STANDARD = "gnu++17";
				CLANG_ENABLE_MODULES = YES;
				CLANG_ENABLE_OBJC_ARC = YES;
				CLANG_ENABLE_OBJC_WEAK = YES;
				CLANG_WARN_BLOCK_CAPTURE_AUTORELEASING = YES;
				CLANG_WARN_BOOL_CONVERSION = YES;
				CLANG_WARN_COMMA = YES;
				CLANG_WARN_CONSTANT_CONVERSION = YES;
				CLANG_WARN_DEPRECATED_OBJC_IMPLEMENTATIONS = YES;
				CLANG_WARN_DIRECT_OBJC_ISA_USAGE = YES_ERROR;
				CLANG_WARN_DOCUMENTATION_COMMENTS = YES;
				CLANG_WARN_EMPTY_BODY = YES;
				CLANG_WARN_ENUM_CONVERSION = YES;
				CLANG_WARN_INFINITE_RECURSION = YES;
				CLANG_WARN_INT_CONVERSION = YES;
				CLANG_WARN_NON_LITERAL_NULL_CONVERSION = YES;
				CLANG_WARN_OBJC_IMPLICIT_RETAIN_SELF = YES;
				CLANG_WARN_OBJC_LITERAL_CONVERSION = YES;
				CLANG_WARN_OBJC_ROOT_CLASS = YES_ERROR;
				CLANG_WARN_QUOTED_INCLUDE_IN_FRAMEWORK_HEADER = YES;
				CLANG_WARN_RANGE_LOOP_ANALYSIS = YES;
				CLANG_WARN_STRICT_PROTOTYPES = YES;
				CLANG_WARN_SUSPICIOUS_MOVE = YES;
				CLANG_WARN_UNGUARDED_AVAILABILITY = YES_AGGRESSIVE;
				CLANG_WARN_UNREACHABLE_CODE = YES;
				CLANG_WARN__DUPLICATE_METHOD_MATCH = YES;
				COPY_PHASE_STRIP = NO;
				DEBUG_INFORMATION_FORMAT = dwarf;
				ENABLE_STRICT_OBJC_MSGSEND = YES;
				ENABLE_TESTABILITY = YES;
				GCC_C_LANGUAGE_STANDARD = gnu11;
				GCC_DYNAMIC_NO_PIC = NO;
				GCC_NO_COMMON_BLOCKS = YES;
				GCC_OPTIMIZATION_LEVEL = 0;
				GCC_PREPROCESSOR_DEFINITIONS = (
					"DEBUG=1",
					"$(inherited)",
				);
				GCC_WARN_64_TO_32_BIT_CONVERSION = YES;
				GCC_WARN_ABOUT_RETURN_TYPE = YES_ERROR;
				GCC_WARN_UNDECLARED_SELECTOR = YES;
				GCC_WARN_UNINITIALIZED_AUTOS = YES_AGGRESSIVE;
				GCC_WARN_UNUSED_FUNCTION = YES;
				GCC_WARN_UNUSED_VARIABLE = YES;
				IPHONEOS_DEPLOYMENT_TARGET = 15.2;
				MTL_ENABLE_DEBUG_INFO = INCLUDE_SOURCE;
				MTL_FAST_MATH = YES;
				ONLY_ACTIVE_ARCH = YES;
				SDKROOT = iphoneos;
				SWIFT_ACTIVE_COMPILATION_CONDITIONS = DEBUG;
				SWIFT_OPTIMIZATION_LEVEL = "-Onone";
			};
			name = Debug;
		};
		A1730AD6280A57EC0039DE06 /* Release */ = {
			isa = XCBuildConfiguration;
			buildSettings = {
				ALWAYS_SEARCH_USER_PATHS = NO;
				CLANG_ANALYZER_NONNULL = YES;
				CLANG_ANALYZER_NUMBER_OBJECT_CONVERSION = YES_AGGRESSIVE;
				CLANG_CXX_LANGUAGE_STANDARD = "gnu++17";
				CLANG_ENABLE_MODULES = YES;
				CLANG_ENABLE_OBJC_ARC = YES;
				CLANG_ENABLE_OBJC_WEAK = YES;
				CLANG_WARN_BLOCK_CAPTURE_AUTORELEASING = YES;
				CLANG_WARN_BOOL_CONVERSION = YES;
				CLANG_WARN_COMMA = YES;
				CLANG_WARN_CONSTANT_CONVERSION = YES;
				CLANG_WARN_DEPRECATED_OBJC_IMPLEMENTATIONS = YES;
				CLANG_WARN_DIRECT_OBJC_ISA_USAGE = YES_ERROR;
				CLANG_WARN_DOCUMENTATION_COMMENTS = YES;
				CLANG_WARN_EMPTY_BODY = YES;
				CLANG_WARN_ENUM_CONVERSION = YES;
				CLANG_WARN_INFINITE_RECURSION = YES;
				CLANG_WARN_INT_CONVERSION = YES;
				CLANG_WARN_NON_LITERAL_NULL_CONVERSION = YES;
				CLANG_WARN_OBJC_IMPLICIT_RETAIN_SELF = YES;
				CLANG_WARN_OBJC_LITERAL_CONVERSION = YES;
				CLANG_WARN_OBJC_ROOT_CLASS = YES_ERROR;
				CLANG_WARN_QUOTED_INCLUDE_IN_FRAMEWORK_HEADER = YES;
				CLANG_WARN_RANGE_LOOP_ANALYSIS = YES;
				CLANG_WARN_STRICT_PROTOTYPES = YES;
				CLANG_WARN_SUSPICIOUS_MOVE = YES;
				CLANG_WARN_UNGUARDED_AVAILABILITY = YES_AGGRESSIVE;
				CLANG_WARN_UNREACHABLE_CODE = YES;
				CLANG_WARN__DUPLICATE_METHOD_MATCH = YES;
				COPY_PHASE_STRIP = NO;
				DEBUG_INFORMATION_FORMAT = "dwarf-with-dsym";
				ENABLE_NS_ASSERTIONS = NO;
				ENABLE_STRICT_OBJC_MSGSEND = YES;
				GCC_C_LANGUAGE_STANDARD = gnu11;
				GCC_NO_COMMON_BLOCKS = YES;
				GCC_WARN_64_TO_32_BIT_CONVERSION = YES;
				GCC_WARN_ABOUT_RETURN_TYPE = YES_ERROR;
				GCC_WARN_UNDECLARED_SELECTOR = YES;
				GCC_WARN_UNINITIALIZED_AUTOS = YES_AGGRESSIVE;
				GCC_WARN_UNUSED_FUNCTION = YES;
				GCC_WARN_UNUSED_VARIABLE = YES;
				IPHONEOS_DEPLOYMENT_TARGET = 15.2;
				MTL_ENABLE_DEBUG_INFO = NO;
				MTL_FAST_MATH = YES;
				SDKROOT = iphoneos;
				SWIFT_COMPILATION_MODE = wholemodule;
				SWIFT_OPTIMIZATION_LEVEL = "-O";
				VALIDATE_PRODUCT = YES;
			};
			name = Release;
		};
		A1730AD8280A57EC0039DE06 /* Debug */ = {
			isa = XCBuildConfiguration;
			baseConfigurationReference = CE24C0F9A2D626429A24F4D4 /* Pods-AdoptMe.debug.xcconfig */;
			buildSettings = {
				ASSETCATALOG_COMPILER_APPICON_NAME = AppIcon;
				ASSETCATALOG_COMPILER_GLOBAL_ACCENT_COLOR_NAME = AccentColor;
				CODE_SIGN_IDENTITY = "Apple Development";
				CODE_SIGN_STYLE = Automatic;
				CURRENT_PROJECT_VERSION = 1;
				DEVELOPMENT_TEAM = D9256J4546;
				GENERATE_INFOPLIST_FILE = YES;
				INFOPLIST_FILE = AdoptMe/Info.plist;
				INFOPLIST_KEY_UIApplicationSupportsIndirectInputEvents = YES;
				INFOPLIST_KEY_UILaunchStoryboardName = LaunchScreen;
				INFOPLIST_KEY_UIMainStoryboardFile = Main;
				INFOPLIST_KEY_UISupportedInterfaceOrientations_iPad = "UIInterfaceOrientationPortrait UIInterfaceOrientationPortraitUpsideDown UIInterfaceOrientationLandscapeLeft UIInterfaceOrientationLandscapeRight";
				INFOPLIST_KEY_UISupportedInterfaceOrientations_iPhone = "UIInterfaceOrientationPortrait UIInterfaceOrientationLandscapeLeft UIInterfaceOrientationLandscapeRight";
				LD_RUNPATH_SEARCH_PATHS = (
					"$(inherited)",
					"@executable_path/Frameworks",
				);
				MARKETING_VERSION = 1.0;
				PRODUCT_BUNDLE_IDENTIFIER = codepath.AdoptMe.far;
				PRODUCT_NAME = "$(TARGET_NAME)";
				PROVISIONING_PROFILE_SPECIFIER = "";
				SWIFT_EMIT_LOC_STRINGS = YES;
				SWIFT_VERSION = 5.0;
				TARGETED_DEVICE_FAMILY = "1,2";
			};
			name = Debug;
		};
		A1730AD9280A57EC0039DE06 /* Release */ = {
			isa = XCBuildConfiguration;
			baseConfigurationReference = 49241B6FFC4661F14BD9F4A8 /* Pods-AdoptMe.release.xcconfig */;
			buildSettings = {
				ASSETCATALOG_COMPILER_APPICON_NAME = AppIcon;
				ASSETCATALOG_COMPILER_GLOBAL_ACCENT_COLOR_NAME = AccentColor;
				CODE_SIGN_IDENTITY = "Apple Development";
				CODE_SIGN_STYLE = Automatic;
				CURRENT_PROJECT_VERSION = 1;
				DEVELOPMENT_TEAM = D9256J4546;
				GENERATE_INFOPLIST_FILE = YES;
				INFOPLIST_FILE = AdoptMe/Info.plist;
				INFOPLIST_KEY_UIApplicationSupportsIndirectInputEvents = YES;
				INFOPLIST_KEY_UILaunchStoryboardName = LaunchScreen;
				INFOPLIST_KEY_UIMainStoryboardFile = Main;
				INFOPLIST_KEY_UISupportedInterfaceOrientations_iPad = "UIInterfaceOrientationPortrait UIInterfaceOrientationPortraitUpsideDown UIInterfaceOrientationLandscapeLeft UIInterfaceOrientationLandscapeRight";
				INFOPLIST_KEY_UISupportedInterfaceOrientations_iPhone = "UIInterfaceOrientationPortrait UIInterfaceOrientationLandscapeLeft UIInterfaceOrientationLandscapeRight";
				LD_RUNPATH_SEARCH_PATHS = (
					"$(inherited)",
					"@executable_path/Frameworks",
				);
				MARKETING_VERSION = 1.0;
				PRODUCT_BUNDLE_IDENTIFIER = codepath.AdoptMe.far;
				PRODUCT_NAME = "$(TARGET_NAME)";
				PROVISIONING_PROFILE_SPECIFIER = "";
				SWIFT_EMIT_LOC_STRINGS = YES;
				SWIFT_VERSION = 5.0;
				TARGETED_DEVICE_FAMILY = "1,2";
			};
			name = Release;
		};
		A1730ADB280A57EC0039DE06 /* Debug */ = {
			isa = XCBuildConfiguration;
			baseConfigurationReference = 3302591A107A32F1B5CEE096 /* Pods-AdoptMeTests.debug.xcconfig */;
			buildSettings = {
				ALWAYS_EMBED_SWIFT_STANDARD_LIBRARIES = YES;
				BUNDLE_LOADER = "$(TEST_HOST)";
				"CODE_SIGN_IDENTITY[sdk=macosx*]" = "Apple Development";
				CODE_SIGN_STYLE = Automatic;
				CURRENT_PROJECT_VERSION = 1;
				DEVELOPMENT_TEAM = D9256J4546;
				GENERATE_INFOPLIST_FILE = YES;
				IPHONEOS_DEPLOYMENT_TARGET = 15.4;
				MARKETING_VERSION = 1.0;
				PRODUCT_BUNDLE_IDENTIFIER = codepath.AdoptMeTests;
				PRODUCT_NAME = "$(TARGET_NAME)";
				SWIFT_EMIT_LOC_STRINGS = NO;
				SWIFT_VERSION = 5.0;
				TARGETED_DEVICE_FAMILY = "1,2";
				TEST_HOST = "$(BUILT_PRODUCTS_DIR)/AdoptMe.app/AdoptMe";
			};
			name = Debug;
		};
		A1730ADC280A57EC0039DE06 /* Release */ = {
			isa = XCBuildConfiguration;
			baseConfigurationReference = E3EC4C160B1117A04EA7336F /* Pods-AdoptMeTests.release.xcconfig */;
			buildSettings = {
				ALWAYS_EMBED_SWIFT_STANDARD_LIBRARIES = YES;
				BUNDLE_LOADER = "$(TEST_HOST)";
				"CODE_SIGN_IDENTITY[sdk=macosx*]" = "Apple Development";
				CODE_SIGN_STYLE = Automatic;
				CURRENT_PROJECT_VERSION = 1;
				DEVELOPMENT_TEAM = D9256J4546;
				GENERATE_INFOPLIST_FILE = YES;
				IPHONEOS_DEPLOYMENT_TARGET = 15.4;
				MARKETING_VERSION = 1.0;
				PRODUCT_BUNDLE_IDENTIFIER = codepath.AdoptMeTests;
				PRODUCT_NAME = "$(TARGET_NAME)";
				SWIFT_EMIT_LOC_STRINGS = NO;
				SWIFT_VERSION = 5.0;
				TARGETED_DEVICE_FAMILY = "1,2";
				TEST_HOST = "$(BUILT_PRODUCTS_DIR)/AdoptMe.app/AdoptMe";
			};
			name = Release;
		};
		A1730ADE280A57EC0039DE06 /* Debug */ = {
			isa = XCBuildConfiguration;
			baseConfigurationReference = 25F22A6F139AA998F516F2A7 /* Pods-AdoptMe-AdoptMeUITests.debug.xcconfig */;
			buildSettings = {
				ALWAYS_EMBED_SWIFT_STANDARD_LIBRARIES = YES;
				CODE_SIGN_STYLE = Automatic;
				CURRENT_PROJECT_VERSION = 1;
				DEVELOPMENT_TEAM = D9256J4546;
				GENERATE_INFOPLIST_FILE = YES;
				MARKETING_VERSION = 1.0;
				PRODUCT_BUNDLE_IDENTIFIER = codepath.AdoptMeUITests;
				PRODUCT_NAME = "$(TARGET_NAME)";
				SWIFT_EMIT_LOC_STRINGS = NO;
				SWIFT_VERSION = 5.0;
				TARGETED_DEVICE_FAMILY = "1,2";
				TEST_TARGET_NAME = AdoptMe;
			};
			name = Debug;
		};
		A1730ADF280A57EC0039DE06 /* Release */ = {
			isa = XCBuildConfiguration;
			baseConfigurationReference = 5BCCD97A994FFBE9A70DD384 /* Pods-AdoptMe-AdoptMeUITests.release.xcconfig */;
			buildSettings = {
				ALWAYS_EMBED_SWIFT_STANDARD_LIBRARIES = YES;
				CODE_SIGN_STYLE = Automatic;
				CURRENT_PROJECT_VERSION = 1;
				DEVELOPMENT_TEAM = D9256J4546;
				GENERATE_INFOPLIST_FILE = YES;
				MARKETING_VERSION = 1.0;
				PRODUCT_BUNDLE_IDENTIFIER = codepath.AdoptMeUITests;
				PRODUCT_NAME = "$(TARGET_NAME)";
				SWIFT_EMIT_LOC_STRINGS = NO;
				SWIFT_VERSION = 5.0;
				TARGETED_DEVICE_FAMILY = "1,2";
				TEST_TARGET_NAME = AdoptMe;
			};
			name = Release;
		};
/* End XCBuildConfiguration section */

/* Begin XCConfigurationList section */
		A1730AA8280A57EB0039DE06 /* Build configuration list for PBXProject "AdoptMe" */ = {
			isa = XCConfigurationList;
			buildConfigurations = (
				A1730AD5280A57EC0039DE06 /* Debug */,
				A1730AD6280A57EC0039DE06 /* Release */,
			);
			defaultConfigurationIsVisible = 0;
			defaultConfigurationName = Release;
		};
		A1730AD7280A57EC0039DE06 /* Build configuration list for PBXNativeTarget "AdoptMe" */ = {
			isa = XCConfigurationList;
			buildConfigurations = (
				A1730AD8280A57EC0039DE06 /* Debug */,
				A1730AD9280A57EC0039DE06 /* Release */,
			);
			defaultConfigurationIsVisible = 0;
			defaultConfigurationName = Release;
		};
		A1730ADA280A57EC0039DE06 /* Build configuration list for PBXNativeTarget "AdoptMeTests" */ = {
			isa = XCConfigurationList;
			buildConfigurations = (
				A1730ADB280A57EC0039DE06 /* Debug */,
				A1730ADC280A57EC0039DE06 /* Release */,
			);
			defaultConfigurationIsVisible = 0;
			defaultConfigurationName = Release;
		};
		A1730ADD280A57EC0039DE06 /* Build configuration list for PBXNativeTarget "AdoptMeUITests" */ = {
			isa = XCConfigurationList;
			buildConfigurations = (
				A1730ADE280A57EC0039DE06 /* Debug */,
				A1730ADF280A57EC0039DE06 /* Release */,
			);
			defaultConfigurationIsVisible = 0;
			defaultConfigurationName = Release;
		};
/* End XCConfigurationList section */
	};
	rootObject = A1730AA5280A57EB0039DE06 /* Project object */;
}
